version = 1
revision = 3
requires-python = "==3.11.*"

[[package]]
name = "cxxheaderparser"
version = "1.7.0"
source = { registry = "https://mirrors.tuna.tsinghua.edu.cn/pypi/web/simple" }
sdist = { url = "https://mirrors.tuna.tsinghua.edu.cn/pypi/web/packages/d3/ad/652fa2e26afffc1ec0fff168973c41acf0893025dd401b0a056b8f108666/cxxheaderparser-1.7.0.tar.gz", hash = "sha256:2d0282e6f3cc25484acb2d737b3b5a646b947ae48cc0060242c50925d402f2ed", size = 52906, upload-time = "2026-01-07T03:11:41.236Z" }
wheels = [
    { url = "https://mirrors.tuna.tsinghua.edu.cn/pypi/web/packages/dc/c4/d09b7f302bcd88391f29b6e1c8236660f01891d8a9b7b9c631bade404862/cxxheaderparser-1.7.0-py3-none-any.whl", hash = "sha256:3c8ade60cc0c102bdd3eeb26fbc9ae30c3ae9b74ce881fab91e8fe8647b1a5f4", size = 59295, upload-time = "2026-01-07T03:11:39.953Z" },
]

[[package]]
name = "houdini-python-stubs"
version = "0.1.0"
source = { virtual = "." }
dependencies = [
    { name = "cxxheaderparser" },
    { name = "mypy" },
]

[package.metadata]
requires-dist = [
    { name = "cxxheaderparser", specifier = ">=1.3.1" },
    { name = "mypy", specifier = ">=1.8.0" },
]

[[package]]
name = "librt"
version = "0.8.1"
source = { registry = "https://mirrors.tuna.tsinghua.edu.cn/pypi/web/simple" }
sdist = { url = "https://mirrors.tuna.tsinghua.edu.cn/pypi/web/packages/56/9c/b4b0c54d84da4a94b37bd44151e46d5e583c9534c7e02250b961b1b6d8a8/librt-0.8.1.tar.gz", hash = "sha256:be46a14693955b3bd96014ccbdb8339ee8c9346fbe11c1b78901b55125f14c73", size = 177471, upload-time = "2026-02-17T16:13:06.101Z" }
wheels = [
    { url = "https://mirrors.tuna.tsinghua.edu.cn/pypi/web/packages/1d/01/0e748af5e4fee180cf7cd12bd12b0513ad23b045dccb2a83191bde82d168/librt-0.8.1-cp311-cp311-macosx_10_9_x86_64.whl", hash = "sha256:681dc2451d6d846794a828c16c22dc452d924e9f700a485b7ecb887a30aad1fd", size = 65315, upload-time = "2026-02-17T16:11:25.152Z" },
    { url = "https://mirrors.tuna.tsinghua.edu.cn/pypi/web/packages/9d/4d/7184806efda571887c798d573ca4134c80ac8642dcdd32f12c31b939c595/librt-0.8.1-cp311-cp311-macosx_11_0_arm64.whl", hash = "sha256:a3b4350b13cc0e6f5bec8fa7caf29a8fb8cdc051a3bae45cfbfd7ce64f009965", size = 68021, upload-time = "2026-02-17T16:11:26.129Z" },
    { url = "https://mirrors.tuna.tsinghua.edu.cn/pypi/web/packages/ae/88/c3c52d2a5d5101f28d3dc89298444626e7874aa904eed498464c2af17627/librt-0.8.1-cp311-cp311-manylinux1_i686.manylinux_2_28_i686.manylinux_2_5_i686.whl", hash = "sha256:ac1e7817fd0ed3d14fd7c5df91daed84c48e4c2a11ee99c0547f9f62fdae13da", size = 194500, upload-time = "2026-02-17T16:11:27.177Z" },
    { url = "https://mirrors.tuna.tsinghua.edu.cn/pypi/web/packages/d6/5d/6fb0a25b6a8906e85b2c3b87bee1d6ed31510be7605b06772f9374ca5cb3/librt-0.8.1-cp311-cp311-manylinux2014_aarch64.manylinux_2_17_aarch64.manylinux_2_28_aarch64.whl", hash = "sha256:747328be0c5b7075cde86a0e09d7a9196029800ba75a1689332348e998fb85c0", size = 205622, upload-time = "2026-02-17T16:11:28.242Z" },
    { url = "https://mirrors.tuna.tsinghua.edu.cn/pypi/web/packages/b2/a6/8006ae81227105476a45691f5831499e4d936b1c049b0c1feb17c11b02d1/librt-0.8.1-cp311-cp311-manylinux2014_x86_64.manylinux_2_17_x86_64.manylinux_2_28_x86_64.whl", hash = "sha256:f0af2bd2bc204fa27f3d6711d0f360e6b8c684a035206257a81673ab924aa11e", size = 218304, upload-time = "2026-02-17T16:11:29.344Z" },
    { url = "https://mirrors.tuna.tsinghua.edu.cn/pypi/web/packages/ee/19/60e07886ad16670aae57ef44dada41912c90906a6fe9f2b9abac21374748/librt-0.8.1-cp311-cp311-manylinux_2_31_riscv64.manylinux_2_39_riscv64.whl", hash = "sha256:d480de377f5b687b6b1bc0c0407426da556e2a757633cc7e4d2e1a057aa688f3", size = 211493, upload-time = "2026-02-17T16:11:30.445Z" },
    { url = "https://mirrors.tuna.tsinghua.edu.cn/pypi/web/packages/9c/cf/f666c89d0e861d05600438213feeb818c7514d3315bae3648b1fc145d2b6/librt-0.8.1-cp311-cp311-musllinux_1_2_aarch64.whl", hash = "sha256:d0ee06b5b5291f609ddb37b9750985b27bc567791bc87c76a569b3feed8481ac", size = 219129, upload-time = "2026-02-17T16:11:32.021Z" },
    { url = "https://mirrors.tuna.tsinghua.edu.cn/pypi/web/packages/8f/ef/f1bea01e40b4a879364c031476c82a0dc69ce068daad67ab96302fed2d45/librt-0.8.1-cp311-cp311-musllinux_1_2_i686.whl", hash = "sha256:9e2c6f77b9ad48ce5603b83b7da9ee3e36b3ab425353f695cba13200c5d96596", size = 213113, upload-time = "2026-02-17T16:11:33.192Z" },
    { url = "https://mirrors.tuna.tsinghua.edu.cn/pypi/web/packages/9b/80/cdab544370cc6bc1b72ea369525f547a59e6938ef6863a11ab3cd24759af/librt-0.8.1-cp311-cp311-musllinux_1_2_riscv64.whl", hash = "sha256:439352ba9373f11cb8e1933da194dcc6206daf779ff8df0ed69c5e39113e6a99", size = 212269, upload-time = "2026-02-17T16:11:34.373Z" },
    { url = "https://mirrors.tuna.tsinghua.edu.cn/pypi/web/packages/9d/9c/48d6ed8dac595654f15eceab2035131c136d1ae9a1e3548e777bb6dbb95d/librt-0.8.1-cp311-cp311-musllinux_1_2_x86_64.whl", hash = "sha256:82210adabbc331dbb65d7868b105185464ef13f56f7f76688565ad79f648b0fe", size = 234673, upload-time = "2026-02-17T16:11:36.063Z" },
    { url = "https://mirrors.tuna.tsinghua.edu.cn/pypi/web/packages/16/01/35b68b1db517f27a01be4467593292eb5315def8900afad29fabf56304ba/librt-0.8.1-cp311-cp311-win32.whl", hash = "sha256:52c224e14614b750c0a6d97368e16804a98c684657c7518752c356834fff83bb", size = 54597, upload-time = "2026-02-17T16:11:37.544Z" },
    { url = "https://mirrors.tuna.tsinghua.edu.cn/pypi/web/packages/71/02/796fe8f02822235966693f257bf2c79f40e11337337a657a8cfebba5febc/librt-0.8.1-cp311-cp311-win_amd64.whl", hash = "sha256:c00e5c884f528c9932d278d5c9cbbea38a6b81eb62c02e06ae53751a83a4d52b", size = 61733, upload-time = "2026-02-17T16:11:38.691Z" },
    { url = "https://mirrors.tuna.tsinghua.edu.cn/pypi/web/packages/28/ad/232e13d61f879a42a4e7117d65e4984bb28371a34bb6fb9ca54ec2c8f54e/librt-0.8.1-cp311-cp311-win_arm64.whl", hash = "sha256:f7cdf7f26c2286ffb02e46d7bac56c94655540b26347673bea15fa52a6af17e9", size = 52273, upload-time = "2026-02-17T16:11:40.308Z" },
]

[[package]]
name = "mypy"
version = "1.19.1"
source = { registry = "https://mirrors.tuna.tsinghua.edu.cn/pypi/web/simple" }
dependencies = [
    { name = "librt", marker = "platform_python_implementation != 'PyPy'" },
    { name = "mypy-extensions" },
    { name = "pathspec" },
    { name = "typing-extensions" },
]
sdist = { url = "https://mirrors.tuna.tsinghua.edu.cn/pypi/web/packages/f5/db/4efed9504bc01309ab9c2da7e352cc223569f05478012b5d9ece38fd44d2/mypy-1.19.1.tar.gz", hash = "sha256:19d88bb05303fe63f71dd2c6270daca27cb9401c4ca8255fe50d1d920e0eb9ba", size = 3582404, upload-time = "2025-12-15T05:03:48.42Z" }
wheels = [
    { url = "https://mirrors.tuna.tsinghua.edu.cn/pypi/web/packages/ef/47/6b3ebabd5474d9cdc170d1342fbf9dddc1b0ec13ec90bf9004ee6f391c31/mypy-1.19.1-cp311-cp311-macosx_10_9_x86_64.whl", hash = "sha256:d8dfc6ab58ca7dda47d9237349157500468e404b17213d44fc1cb77bce532288", size = 13028539, upload-time = "2025-12-15T05:03:44.129Z" },
    { url = "https://mirrors.tuna.tsinghua.edu.cn/pypi/web/packages/5c/a6/ac7c7a88a3c9c54334f53a941b765e6ec6c4ebd65d3fe8cdcfbe0d0fd7db/mypy-1.19.1-cp311-cp311-macosx_11_0_arm64.whl", hash = "sha256:e3f276d8493c3c97930e354b2595a44a21348b320d859fb4a2b9f66da9ed27ab", size = 12083163, upload-time = "2025-12-15T05:03:37.679Z" },
    { url = "https://mirrors.tuna.tsinghua.edu.cn/pypi/web/packages/67/af/3afa9cf880aa4a2c803798ac24f1d11ef72a0c8079689fac5cfd815e2830/mypy-1.19.1-cp311-cp311-manylinux2014_aarch64.manylinux_2_17_aarch64.manylinux_2_28_aarch64.whl", hash = "sha256:2abb24cf3f17864770d18d673c85235ba52456b36a06b6afc1e07c1fdcd3d0e6", size = 12687629, upload-time = "2025-12-15T05:02:31.526Z" },
    { url = "https://mirrors.tuna.tsinghua.edu.cn/pypi/web/packages/2d/46/20f8a7114a56484ab268b0ab372461cb3a8f7deed31ea96b83a4e4cfcfca/mypy-1.19.1-cp311-cp311-manylinux2014_x86_64.manylinux_2_17_x86_64.manylinux_2_28_x86_64.whl", hash = "sha256:a009ffa5a621762d0c926a078c2d639104becab69e79538a494bcccb62cc0331", size = 13436933, upload-time = "2025-12-15T05:03:15.606Z" },
    { url = "https://mirrors.tuna.tsinghua.edu.cn/pypi/web/packages/5b/f8/33b291ea85050a21f15da910002460f1f445f8007adb29230f0adea279cb/mypy-1.19.1-cp311-cp311-musllinux_1_2_x86_64.whl", hash = "sha256:f7cee03c9a2e2ee26ec07479f38ea9c884e301d42c6d43a19d20fb014e3ba925", size = 13661754, upload-time = "2025-12-15T05:02:26.731Z" },
    { url = "https://mirrors.tuna.tsinghua.edu.cn/pypi/web/packages/fd/a3/47cbd4e85bec4335a9cd80cf67dbc02be21b5d4c9c23ad6b95d6c5196bac/mypy-1.19.1-cp311-cp311-win_amd64.whl", hash = "sha256:4b84a7a18f41e167f7995200a1d07a4a6810e89d29859df936f1c3923d263042", size = 10055772, upload-time = "2025-12-15T05:03:26.179Z" },
    { url = "https://mirrors.tuna.tsinghua.edu.cn/pypi/web/packages/8d/f4/4ce9a05ce5ded1de3ec1c1d96cf9f9504a04e54ce0ed55cfa38619a32b8d/mypy-1.19.1-py3-none-any.whl", hash = "sha256:f1235f5ea01b7db5468d53ece6aaddf1ad0b88d9e7462b86ef96fe04995d7247", size = 2471239, upload-time = "2025-12-15T05:03:07.248Z" },
]

[[package]]
name = "mypy-extensions"
version = "1.1.0"
source = { registry = "https://mirrors.tuna.tsinghua.edu.cn/pypi/web/simple" }
sdist = { url = "https://mirrors.tuna.tsinghua.edu.cn/pypi/web/packages/a2/6e/371856a3fb9d31ca8dac321cda606860fa4548858c0cc45d9d1d4ca2628b/mypy_extensions-1.1.0.tar.gz", hash = "sha256:52e68efc3284861e772bbcd66823fde5ae21fd2fdb51c62a211403730b916558", size = 6343, upload-time = "2025-04-22T14:54:24.164Z" }
wheels = [
    { url = "https://mirrors.tuna.tsinghua.edu.cn/pypi/web/packages/79/7b/2c79738432f5c924bef5071f933bcc9efd0473bac3b4aa584a6f7c1c8df8/mypy_extensions-1.1.0-py3-none-any.whl", hash = "sha256:1be4cccdb0f2482337c4743e60421de3a356cd97508abadd57d47403e94f5505", size = 4963, upload-time = "2025-04-22T14:54:22.983Z" },
]

[[package]]
name = "pathspec"
version = "1.0.4"
source = { registry = "https://mirrors.tuna.tsinghua.edu.cn/pypi/web/simple" }
sdist = { url = "https://mirrors.tuna.tsinghua.edu.cn/pypi/web/packages/fa/36/e27608899f9b8d4dff0617b2d9ab17ca5608956ca44461ac14ac48b44015/pathspec-1.0.4.tar.gz", hash = "sha256:0210e2ae8a21a9137c0d470578cb0e595af87edaa6ebf12ff176f14a02e0e645", size = 131200, upload-time = "2026-01-27T03:59:46.938Z" }
wheels = [
    { url = "https://mirrors.tuna.tsinghua.edu.cn/pypi/web/packages/ef/3c/2c197d226f9ea224a9ab8d197933f9da0ae0aac5b6e0f884e2b8d9c8e9f7/pathspec-1.0.4-py3-none-any.whl", hash = "sha256:fb6ae2fd4e7c921a165808a552060e722767cfa526f99ca5156ed2ce45a5c723", size = 55206, upload-time = "2026-01-27T03:59:45.137Z" },
]

[[package]]
name = "typing-extensions"
version = "4.15.0"
source = { registry = "https://mirrors.tuna.tsinghua.edu.cn/pypi/web/simple" }
sdist = { url = "https://mirrors.tuna.tsinghua.edu.cn/pypi/web/packages/72/94/1a15dd82efb362ac84269196e94cf00f187f7ed21c242792a923cdb1c61f/typing_extensions-4.15.0.tar.gz", hash = "sha256:0cea48d173cc12fa28ecabc3b837ea3cf6f38c6d1136f85cbaaf598984861466", size = 109391, upload-time = "2025-08-25T13:49:26.313Z" }
wheels = [
    { url = "https://mirrors.tuna.tsinghua.edu.cn/pypi/web/packages/18/67/36e9267722cc04a6b9f15c7f3441c2363321a3ea07da7ae0c0707beb2a9c/typing_extensions-4.15.0-py3-none-any.whl", hash = "sha256:f0fa19c6845758ab08074a0cfa8b7aecb71c999ca73d62883bc25cc018c4e548", size = 44614, upload-time = "2025-08-25T13:49:24.86Z" },
]
